
Microsoft Visual Studio Solution File, Format Version 12.00
# Visual Studio Version 16
VisualStudioVersion = 16.0.30128.74
MinimumVisualStudioVersion = 10.0.40219.1
Project("{FAE04EC0-301F-11D3-BF4B-00C04F79EFBC}") = "SpatialOSFastConnect", "SpatialOSFastConnect\SpatialOSFastConnect.csproj", "{08294153-5F48-4191-9F81-945110DA77A5}"
EndProject
Global
	GlobalSection(SolutionConfigurationPlatforms) = preSolution
		Debug|Any CPU = Debug|Any CPU
		Release|Any CPU = Release|Any CPU
	EndGlobalSection
	GlobalSection(ProjectConfigurationPlatforms) = postSolution
		{08294153-5F48-4191-9F81-945110DA77A5}.Debug|Any CPU.ActiveCfg = Debug|Any CPU
		{08294153-5F48-4191-9F81-945110DA77A5}.Debug|Any CPU.Build.0 = Debug|Any CPU
		{08294153-5F48-4191-9F81-945110DA77A5}.Release|Any CPU.ActiveCfg = Release|Any CPU
		{08294153-5F48-4191-9F81-945110DA77A5}.Release|Any CPU.Build.0 = Release|Any CPU
	EndGlobalSection
	GlobalSection(SolutionProperties) = preSolution
		HideSolutionNode = FALSE
	EndGlobalSection
	GlobalSection(ExtensibilityGlobals) = postSolution
		SolutionGuid = {1F623A50-760D-47F9-8B0B-96BE3094DC14}
	EndGlobalSection
EndGlobal
